
Microsoft Visual Studio Solution File, Format Version 12.00
# Visual Studio 15
VisualStudioVersion = 15.0.28307.572
MinimumVisualStudioVersion = 10.0.40219.1
Project("{FAE04EC0-301F-11D3-BF4B-00C04F79EFBC}") = "Uber Eats Database Project", "Uber Eats Database Project\Uber Eats Database Project.csproj", "{D3100062-1C58-4664-8843-764AF2B3DD44}"
EndProject
Global
	GlobalSection(SolutionConfigurationPlatforms) = preSolution
		Debug|Any CPU = Debug|Any CPU
		Release|Any CPU = Release|Any CPU
	EndGlobalSection
	GlobalSection(ProjectConfigurationPlatforms) = postSolution
		{D3100062-1C58-4664-8843-764AF2B3DD44}.Debug|Any CPU.ActiveCfg = Debug|Any CPU
		{D3100062-1C58-4664-8843-764AF2B3DD44}.Debug|Any CPU.Build.0 = Debug|Any CPU
		{D3100062-1C58-4664-8843-764AF2B3DD44}.Release|Any CPU.ActiveCfg = Release|Any CPU
		{D3100062-1C58-4664-8843-764AF2B3DD44}.Release|Any CPU.Build.0 = Release|Any CPU
	EndGlobalSection
	GlobalSection(SolutionProperties) = preSolution
		HideSolutionNode = FALSE
	EndGlobalSection
	GlobalSection(ExtensibilityGlobals) = postSolution
		SolutionGuid = {AFBC45C7-9E63-4233-A1EC-CF743D9E142A}
	EndGlobalSection
EndGlobal
